
Microsoft Visual Studio Solution File, Format Version 12.00
# Visual Studio Version 17
VisualStudioVersion = 17.7.34202.233
MinimumVisualStudioVersion = 10.0.40219.1
Project("{FAE04EC0-301F-11D3-BF4B-00C04F79EFBC}") = "Project2", "Project2\Project2.csproj", "{7305BED6-C950-461C-A0E0-800E88F537C2}"
EndProject
Global
	GlobalSection(SolutionConfigurationPlatforms) = preSolution
		Debug|Any CPU = Debug|Any CPU
		Release|Any CPU = Release|Any CPU
	EndGlobalSection
	GlobalSection(ProjectConfigurationPlatforms) = postSolution
		{7305BED6-C950-461C-A0E0-800E88F537C2}.Debug|Any CPU.ActiveCfg = Debug|Any CPU
		{7305BED6-C950-461C-A0E0-800E88F537C2}.Debug|Any CPU.Build.0 = Debug|Any CPU
		{7305BED6-C950-461C-A0E0-800E88F537C2}.Release|Any CPU.ActiveCfg = Release|Any CPU
		{7305BED6-C950-461C-A0E0-800E88F537C2}.Release|Any CPU.Build.0 = Release|Any CPU
	EndGlobalSection
	GlobalSection(SolutionProperties) = preSolution
		HideSolutionNode = FALSE
	EndGlobalSection
	GlobalSection(ExtensibilityGlobals) = postSolution
		SolutionGuid = {0B3941C7-9318-4A69-9FEC-9E7023F0C5FE}
	EndGlobalSection
EndGlobal
